Microsoft Visual Studio Solution File, Format Version 10.00
# Visual Studio 2008
Project("{8BC9CEB8-8B4A-11D0-8D11-00A0C91BC942}") = "A3PIExample", "A3PIExample\A3PIExample.vcproj", "{5A4265D8-F72A-4E75-BBF7-71E4AE152996}"
EndProject
Project("{8BC9CEB8-8B4A-11D0-8D11-00A0C91BC942}") = "A3PI", "A3PI\A3PI.vcproj", "{3F8C4BDC-2C46-49D1-B412-2C0C46371EB8}"
EndProject
Global
	GlobalSection(SubversionScc) = preSolution
		Svn-Managed = True
		Manager = AnkhSVN - Subversion Support for Visual Studio
	EndGlobalSection
	GlobalSection(SolutionConfigurationPlatforms) = preSolution
		Debug|Win32 = Debug|Win32
		ModoCompeticao|Win32 = ModoCompeticao|Win32
		ModoTeste|Win32 = ModoTeste|Win32
		Release|Win32 = Release|Win32
	EndGlobalSection
	GlobalSection(ProjectConfigurationPlatforms) = postSolution
		{5A4265D8-F72A-4E75-BBF7-71E4AE152996}.Debug|Win32.ActiveCfg = Debug|Win32
		{5A4265D8-F72A-4E75-BBF7-71E4AE152996}.Debug|Win32.Build.0 = Debug|Win32
		{5A4265D8-F72A-4E75-BBF7-71E4AE152996}.ModoCompeticao|Win32.ActiveCfg = ModoCompeticao|Win32
		{5A4265D8-F72A-4E75-BBF7-71E4AE152996}.ModoCompeticao|Win32.Build.0 = ModoCompeticao|Win32
		{5A4265D8-F72A-4E75-BBF7-71E4AE152996}.ModoTeste|Win32.ActiveCfg = ModoTeste|Win32
		{5A4265D8-F72A-4E75-BBF7-71E4AE152996}.ModoTeste|Win32.Build.0 = ModoTeste|Win32
		{5A4265D8-F72A-4E75-BBF7-71E4AE152996}.Release|Win32.ActiveCfg = Release|Win32
		{5A4265D8-F72A-4E75-BBF7-71E4AE152996}.Release|Win32.Build.0 = Release|Win32
		{3F8C4BDC-2C46-49D1-B412-2C0C46371EB8}.Debug|Win32.ActiveCfg = Debug|Win32
		{3F8C4BDC-2C46-49D1-B412-2C0C46371EB8}.Debug|Win32.Build.0 = Debug|Win32
		{3F8C4BDC-2C46-49D1-B412-2C0C46371EB8}.ModoCompeticao|Win32.ActiveCfg = ModoCompeticao|Win32
		{3F8C4BDC-2C46-49D1-B412-2C0C46371EB8}.ModoCompeticao|Win32.Build.0 = ModoCompeticao|Win32
		{3F8C4BDC-2C46-49D1-B412-2C0C46371EB8}.ModoTeste|Win32.ActiveCfg = ModoTeste|Win32
		{3F8C4BDC-2C46-49D1-B412-2C0C46371EB8}.ModoTeste|Win32.Build.0 = ModoTeste|Win32
		{3F8C4BDC-2C46-49D1-B412-2C0C46371EB8}.Release|Win32.ActiveCfg = Release|Win32
		{3F8C4BDC-2C46-49D1-B412-2C0C46371EB8}.Release|Win32.Build.0 = Release|Win32
	EndGlobalSection
	GlobalSection(SolutionProperties) = preSolution
		HideSolutionNode = FALSE
	EndGlobalSection
EndGlobal
